// !$*UTF8*$!
{
	archiveVersion = 1;
	classes = {
	};
	objectVersion = 50;
	objects = {

/* Begin PBXBuildFile section */
		B551835D2492AA5F00AE59D3 /* AppDelegate.swift in Sources */ = {isa = PBXBuildFile; fileRef = B551835C2492AA5F00AE59D3 /* AppDelegate.swift */; };
		B551835F2492AA5F00AE59D3 /* SceneDelegate.swift in Sources */ = {isa = PBXBuildFile; fileRef = B551835E2492AA5F00AE59D3 /* SceneDelegate.swift */; };
		B55183612492AA5F00AE59D3 /* ContentView.swift in Sources */ = {isa = PBXBuildFile; fileRef = B55183602492AA5F00AE59D3 /* ContentView.swift */; };
		B55183632492AA6000AE59D3 /* Assets.xcassets in Resources */ = {isa = PBXBuildFile; fileRef = B55183622492AA6000AE59D3 /* Assets.xcassets */; };
		B55183662492AA6000AE59D3 /* Preview Assets.xcassets in Resources */ = {isa = PBXBuildFile; fileRef = B55183652492AA6000AE59D3 /* Preview Assets.xcassets */; };
		B55183692492AA6000AE59D3 /* LaunchScreen.storyboard in Resources */ = {isa = PBXBuildFile; fileRef = B55183672492AA6000AE59D3 /* LaunchScreen.storyboard */; };
/* End PBXBuildFile section */

/* Begin PBXFileReference section */
		B55183592492AA5F00AE59D3 /* KinoApp01.app */ = {isa = PBXFileReference; explicitFileType = wrapper.application; includeInIndex = 0; path = KinoApp01.app; sourceTree = BUILT_PRODUCTS_DIR; };
		B551835C2492AA5F00AE59D3 /* AppDelegate.swift */ = {isa = PBXFileReference; lastKnownFileType = sourcecode.swift; path = AppDelegate.swift; sourceTree = "<group>"; };
		B551835E2492AA5F00AE59D3 /* SceneDelegate.swift */ = {isa = PBXFileReference; lastKnownFileType = sourcecode.swift; path = SceneDelegate.swift; sourceTree = "<group>"; };
		B55183602492AA5F00AE59D3 /* ContentView.swift */ = {isa = PBXFileReference; lastKnownFileType = sourcecode.swift; path = ContentView.swift; sourceTree = "<group>"; };
		B55183622492AA6000AE59D3 /* Assets.xcassets */ = {isa = PBXFileReference; lastKnownFileType = folder.assetcatalog; path = Assets.xcassets; sourceTree = "<group>"; };
		B55183652492AA6000AE59D3 /* Preview Assets.xcassets */ = {isa = PBXFileReference; lastKnownFileType = folder.assetcatalog; path = "Preview Assets.xcassets"; sourceTree = "<group>"; };
		B55183682492AA6000AE59D3 /* Base */ = {isa = PBXFileReference; lastKnownFileType = file.storyboard; name = Base; path = Base.lproj/LaunchScreen.storyboard; sourceTree = "<group>"; };
		B551836A2492AA6000AE59D3 /* Info.plist */ = {isa = PBXFileReference; lastKnownFileType = text.plist.xml; path = Info.plist; sourceTree = "<group>"; };
/* End PBXFileReference section */

/* Begin PBXFrameworksBuildPhase section */
		B55183562492AA5F00AE59D3 /* Frameworks */ = {
			isa = PBXFrameworksBuildPhase;
			buildActionMask = 2147483647;
			files = (
			);
			runOnlyForDeploymentPostprocessing = 0;
		};
/* End PBXFrameworksBuildPhase section */

/* Begin PBXGroup section */
		B55183502492AA5E00AE59D3 = {
			isa = PBXGroup;
			children = (
				B551835B2492AA5F00AE59D3 /* KinoApp01 */,
				B551835A2492AA5F00AE59D3 /* Products */,
			);
			sourceTree = "<group>";
		};
		B551835A2492AA5F00AE59D3 /* Products */ = {
			isa = PBXGroup;
			children = (
				B55183592492AA5F00AE59D3 /* KinoApp01.app */,
			);
			name = Products;
			sourceTree = "<group>";
		};
		B551835B2492AA5F00AE59D3 /* KinoApp01 */ = {
			isa = PBXGroup;
			children = (
				B551835C2492AA5F00AE59D3 /* AppDelegate.swift */,
				B551835E2492AA5F00AE59D3 /* SceneDelegate.swift */,
				B55183602492AA5F00AE59D3 /* ContentView.swift */,
				B55183622492AA6000AE59D3 /* Assets.xcassets */,
				B55183672492AA6000AE59D3 /* LaunchScreen.storyboard */,
				B551836A2492AA6000AE59D3 /* Info.plist */,
				B55183642492AA6000AE59D3 /* Preview Content */,
			);
			path = KinoApp01;
			sourceTree = "<group>";
		};
		B55183642492AA6000AE59D3 /* Preview Content */ = {
			isa = PBXGroup;
			children = (
				B55183652492AA6000AE59D3 /* Preview Assets.xcassets */,
			);
			path = "Preview Content";
			sourceTree = "<group>";
		};
/* End PBXGroup section */

/* Begin PBXNativeTarget section */
		B55183582492AA5F00AE59D3 /* KinoApp01 */ = {
			isa = PBXNativeTarget;
			buildConfigurationList = B551836D2492AA6000AE59D3 /* Build configuration list for PBXNativeTarget "KinoApp01" */;
			buildPhases = (
				B55183552492AA5F00AE59D3 /* Sources */,
				B55183562492AA5F00AE59D3 /* Frameworks */,
				B55183572492AA5F00AE59D3 /* Resources */,
			);
			buildRules = (
			);
			dependencies = (
			);
			name = KinoApp01;
			productName = KinoApp01;
			productReference = B55183592492AA5F00AE59D3 /* KinoApp01.app */;
			productType = "com.apple.product-type.application";
		};
/* End PBXNativeTarget section */

/* Begin PBXProject section */
		B55183512492AA5E00AE59D3 /* Project object */ = {
			isa = PBXProject;
			attributes = {
				LastSwiftUpdateCheck = 1140;
				LastUpgradeCheck = 1140;
				ORGANIZATIONNAME = "jose francisco morales";
				TargetAttributes = {
					B55183582492AA5F00AE59D3 = {
						CreatedOnToolsVersion = 11.4;
					};
				};
			};
			buildConfigurationList = B55183542492AA5E00AE59D3 /* Build configuration list for PBXProject "KinoApp01" */;
			compatibilityVersion = "Xcode 9.3";
			developmentRegion = en;
			hasScannedForEncodings = 0;
			knownRegions = (
				en,
				Base,
			);
			mainGroup = B55183502492AA5E00AE59D3;
			productRefGroup = B551835A2492AA5F00AE59D3 /* Products */;
			projectDirPath = "";
			projectRoot = "";
			targets = (
				B55183582492AA5F00AE59D3 /* KinoApp01 */,
			);
		};
/* End PBXProject section */

/* Begin PBXResourcesBuildPhase section */
		B55183572492AA5F00AE59D3 /* Resources */ = {
			isa = PBXResourcesBuildPhase;
			buildActionMask = 2147483647;
			files = (
				B55183692492AA6000AE59D3 /* LaunchScreen.storyboard in Resources */,
				B55183662492AA6000AE59D3 /* Preview Assets.xcassets in Resources */,
				B55183632492AA6000AE59D3 /* Assets.xcassets in Resources */,
			);
			runOnlyForDeploymentPostprocessing = 0;
		};
/* End PBXResourcesBuildPhase section */

/* Begin PBXSourcesBuildPhase section */
		B55183552492AA5F00AE59D3 /* Sources */ = {
			isa = PBXSourcesBuildPhase;
			buildActionMask = 2147483647;
			files = (
				B551835D2492AA5F00AE59D3 /* AppDelegate.swift in Sources */,
				B551835F2492AA5F00AE59D3 /* SceneDelegate.swift in Sources */,
				B55183612492AA5F00AE59D3 /* ContentView.swift in Sources */,
			);
			runOnlyForDeploymentPostprocessing = 0;
		};
/* End PBXSourcesBuildPhase section */

/* Begin PBXVariantGroup section */
		B55183672492AA6000AE59D3 /* LaunchScreen.storyboard */ = {
			isa = PBXVariantGroup;
			children = (
				B55183682492AA6000AE59D3 /* Base */,
			);
			name = LaunchScreen.storyboard;
			sourceTree = "<group>";
		};
/* End PBXVariantGroup section */

/* Begin XCBuildConfiguration section */
		B551836B2492AA6000AE59D3 /* Debug */ = {
			isa = XCBuildConfiguration;
			buildSettings = {
				ALWAYS_SEARCH_USER_PATHS = NO;
				CLANG_ANALYZER_NONNULL = YES;
				CLANG_ANALYZER_NUMBER_OBJECT_CONVERSION = YES_AGGRESSIVE;
				CLANG_CXX_LANGUAGE_STANDARD = "gnu++14";
				CLANG_CXX_LIBRARY = "libc++";
				CLANG_ENABLE_MODULES = YES;
				CLANG_ENABLE_OBJC_ARC = YES;
				CLANG_ENABLE_OBJC_WEAK = YES;
				CLANG_WARN_BLOCK_CAPTURE_AUTORELEASING = YES;
				CLANG_WARN_BOOL_CONVERSION = YES;
				CLANG_WARN_COMMA = YES;
				CLANG_WARN_CONSTANT_CONVERSION = YES;
				CLANG_WARN_DEPRECATED_OBJC_IMPLEMENTATIONS = YES;
				CLANG_WARN_DIRECT_OBJC_ISA_USAGE = YES_ERROR;
				CLANG_WARN_DOCUMENTATION_COMMENTS = YES;
				CLANG_WARN_EMPTY_BODY = YES;
				CLANG_WARN_ENUM_CONVERSION = YES;
				CLANG_WARN_INFINITE_RECURSION = YES;
				CLANG_WARN_INT_CONVERSION = YES;
				CLANG_WARN_NON_LITERAL_NULL_CONVERSION = YES;
				CLANG_WARN_OBJC_IMPLICIT_RETAIN_SELF = YES;
				CLANG_WARN_OBJC_LITERAL_CONVERSION = YES;
				CLANG_WARN_OBJC_ROOT_CLASS = YES_ERROR;
				CLANG_WARN_RANGE_LOOP_ANALYSIS = YES;
				CLANG_WARN_STRICT_PROTOTYPES = YES;
				CLANG_WARN_SUSPICIOUS_MOVE = YES;
				CLANG_WARN_UNGUARDED_AVAILABILITY = YES_AGGRESSIVE;
				CLANG_WARN_UNREACHABLE_CODE = YES;
				CLANG_WARN__DUPLICATE_METHOD_MATCH = YES;
				COPY_PHASE_STRIP = NO;
				DEBUG_INFORMATION_FORMAT = dwarf;
				ENABLE_STRICT_OBJC_MSGSEND = YES;
				ENABLE_TESTABILITY = YES;
				GCC_C_LANGUAGE_STANDARD = gnu11;
				GCC_DYNAMIC_NO_PIC = NO;
				GCC_NO_COMMON_BLOCKS = YES;
				GCC_OPTIMIZATION_LEVEL = 0;
				GCC_PREPROCESSOR_DEFINITIONS = (
					"DEBUG=1",
					"$(inherited)",
				);
				GCC_WARN_64_TO_32_BIT_CONVERSION = YES;
				GCC_WARN_ABOUT_RETURN_TYPE = YES_ERROR;
				GCC_WARN_UNDECLARED_SELECTOR = YES;
				GCC_WARN_UNINITIALIZED_AUTOS = YES_AGGRESSIVE;
				GCC_WARN_UNUSED_FUNCTION = YES;
				GCC_WARN_UNUSED_VARIABLE = YES;
				IPHONEOS_DEPLOYMENT_TARGET = 13.4;
				MTL_ENABLE_DEBUG_INFO = INCLUDE_SOURCE;
				MTL_FAST_MATH = YES;
				ONLY_ACTIVE_ARCH = YES;
				SDKROOT = iphoneos;
				SWIFT_ACTIVE_COMPILATION_CONDITIONS = DEBUG;
				SWIFT_OPTIMIZATION_LEVEL = "-Onone";
			};
			name = Debug;
		};
		B551836C2492AA6000AE59D3 /* Release */ = {
			isa = XCBuildConfiguration;
			buildSettings = {
				ALWAYS_SEARCH_USER_PATHS = NO;
				CLANG_ANALYZER_NONNULL = YES;
				CLANG_ANALYZER_NUMBER_OBJECT_CONVERSION = YES_AGGRESSIVE;
				CLANG_CXX_LANGUAGE_STANDARD = "gnu++14";
				CLANG_CXX_LIBRARY = "libc++";
				CLANG_ENABLE_MODULES = YES;
				CLANG_ENABLE_OBJC_ARC = YES;
				CLANG_ENABLE_OBJC_WEAK = YES;
				CLANG_WARN_BLOCK_CAPTURE_AUTORELEASING = YES;
				CLANG_WARN_BOOL_CONVERSION = YES;
				CLANG_WARN_COMMA = YES;
				CLANG_WARN_CONSTANT_CONVERSION = YES;
				CLANG_WARN_DEPRECATED_OBJC_IMPLEMENTATIONS = YES;
				CLANG_WARN_DIRECT_OBJC_ISA_USAGE = YES_ERROR;
				CLANG_WARN_DOCUMENTATION_COMMENTS = YES;
				CLANG_WARN_EMPTY_BODY = YES;
				CLANG_WARN_ENUM_CONVERSION = YES;
				CLANG_WARN_INFINITE_RECURSION = YES;
				CLANG_WARN_INT_CONVERSION = YES;
				CLANG_WARN_NON_LITERAL_NULL_CONVERSION = YES;
				CLANG_WARN_OBJC_IMPLICIT_RETAIN_SELF = YES;
				CLANG_WARN_OBJC_LITERAL_CONVERSION = YES;
				CLANG_WARN_OBJC_ROOT_CLASS = YES_ERROR;
				CLANG_WARN_RANGE_LOOP_ANALYSIS = YES;
				CLANG_WARN_STRICT_PROTOTYPES = YES;
				CLANG_WARN_SUSPICIOUS_MOVE = YES;
				CLANG_WARN_UNGUARDED_AVAILABILITY = YES_AGGRESSIVE;
				CLANG_WARN_UNREACHABLE_CODE = YES;
				CLANG_WARN__DUPLICATE_METHOD_MATCH = YES;
				COPY_PHASE_STRIP = NO;
				DEBUG_INFORMATION_FORMAT = "dwarf-with-dsym";
				ENABLE_NS_ASSERTIONS = NO;
				ENABLE_STRICT_OBJC_MSGSEND = YES;
				GCC_C_LANGUAGE_STANDARD = gnu11;
				GCC_NO_COMMON_BLOCKS = YES;
				GCC_WARN_64_TO_32_BIT_CONVERSION = YES;
				GCC_WARN_ABOUT_RETURN_TYPE = YES_ERROR;
				GCC_WARN_UNDECLARED_SELECTOR = YES;
				GCC_WARN_UNINITIALIZED_AUTOS = YES_AGGRESSIVE;
				GCC_WARN_UNUSED_FUNCTION = YES;
				GCC_WARN_UNUSED_VARIABLE = YES;
				IPHONEOS_DEPLOYMENT_TARGET = 13.4;
				MTL_ENABLE_DEBUG_INFO = NO;
				MTL_FAST_MATH = YES;
				SDKROOT = iphoneos;
				SWIFT_COMPILATION_MODE = wholemodule;
				SWIFT_OPTIMIZATION_LEVEL = "-O";
				VALIDATE_PRODUCT = YES;
			};
			name = Release;
		};
		B551836E2492AA6000AE59D3 /* Debug */ = {
			isa = XCBuildConfiguration;
			buildSettings = {
				ASSETCATALOG_COMPILER_APPICON_NAME = AppIcon;
				CODE_SIGN_STYLE = Automatic;
				DEVELOPMENT_ASSET_PATHS = "\"KinoApp01/Preview Content\"";
				DEVELOPMENT_TEAM = ESBVLK43Z5;
				ENABLE_PREVIEWS = YES;
				INFOPLIST_FILE = KinoApp01/Info.plist;
				LD_RUNPATH_SEARCH_PATHS = (
					"$(inherited)",
					"@executable_path/Frameworks",
				);
				PRODUCT_BUNDLE_IDENTIFIER = tlon.KinoApp01;
				PRODUCT_NAME = "$(TARGET_NAME)";
				SWIFT_VERSION = 5.0;
				TARGETED_DEVICE_FAMILY = "1,2";
			};
			name = Debug;
		};
		B551836F2492AA6000AE59D3 /* Release */ = {
			isa = XCBuildConfiguration;
			buildSettings = {
				ASSETCATALOG_COMPILER_APPICON_NAME = AppIcon;
				CODE_SIGN_STYLE = Automatic;
				DEVELOPMENT_ASSET_PATHS = "\"KinoApp01/Preview Content\"";
				DEVELOPMENT_TEAM = ESBVLK43Z5;
				ENABLE_PREVIEWS = YES;
				INFOPLIST_FILE = KinoApp01/Info.plist;
				LD_RUNPATH_SEARCH_PATHS = (
					"$(inherited)",
					"@executable_path/Frameworks",
				);
				PRODUCT_BUNDLE_IDENTIFIER = tlon.KinoApp01;
				PRODUCT_NAME = "$(TARGET_NAME)";
				SWIFT_VERSION = 5.0;
				TARGETED_DEVICE_FAMILY = "1,2";
			};
			name = Release;
		};
/* End XCBuildConfiguration section */

/* Begin XCConfigurationList section */
		B55183542492AA5E00AE59D3 /* Build configuration list for PBXProject "KinoApp01" */ = {
			isa = XCConfigurationList;
			buildConfigurations = (
				B551836B2492AA6000AE59D3 /* Debug */,
				B551836C2492AA6000AE59D3 /* Release */,
			);
			defaultConfigurationIsVisible = 0;
			defaultConfigurationName = Release;
		};
		B551836D2492AA6000AE59D3 /* Build configuration list for PBXNativeTarget "KinoApp01" */ = {
			isa = XCConfigurationList;
			buildConfigurations = (
				B551836E2492AA6000AE59D3 /* Debug */,
				B551836F2492AA6000AE59D3 /* Release */,
			);
			defaultConfigurationIsVisible = 0;
			defaultConfigurationName = Release;
		};
/* End XCConfigurationList section */
	};
	rootObject = B55183512492AA5E00AE59D3 /* Project object */;
}
